
Microsoft Visual Studio Solution File, Format Version 12.00
# Visual Studio 15
VisualStudioVersion = 15.0.28010.2046
MinimumVisualStudioVersion = 10.0.40219.1
Project("{FAE04EC0-301F-11D3-BF4B-00C04F79EFBC}") = "zLkControl", "zLkControl\zLkControl.csproj", "{73AF626C-1633-4FE8-821F-186F00FAC737}"
EndProject
Global
	GlobalSection(SolutionConfigurationPlatforms) = preSolution
		Debug|Any CPU = Debug|Any CPU
		Release|Any CPU = Release|Any CPU
	EndGlobalSection
	GlobalSection(ProjectConfigurationPlatforms) = postSolution
		{73AF626C-1633-4FE8-821F-186F00FAC737}.Debug|Any CPU.ActiveCfg = Debug|Any CPU
		{73AF626C-1633-4FE8-821F-186F00FAC737}.Debug|Any CPU.Build.0 = Debug|Any CPU
		{73AF626C-1633-4FE8-821F-186F00FAC737}.Release|Any CPU.ActiveCfg = Release|Any CPU
		{73AF626C-1633-4FE8-821F-186F00FAC737}.Release|Any CPU.Build.0 = Release|Any CPU
	EndGlobalSection
	GlobalSection(SolutionProperties) = preSolution
		HideSolutionNode = FALSE
	EndGlobalSection
	GlobalSection(ExtensibilityGlobals) = postSolution
		SolutionGuid = {480BD96B-B8A2-4F02-B41C-6D8D8399FF08}
	EndGlobalSection
EndGlobal
